
Microsoft Visual Studio Solution File, Format Version 12.00
# Visual Studio Version 16
VisualStudioVersion = 16.0.31321.278
MinimumVisualStudioVersion = 10.0.40219.1
Project("{9A19103F-16F7-4668-BE54-9A1E7A4F7556}") = "AIC.Main", "AIC.Main\AIC.Main.csproj", "{CBAE884B-71BB-419A-A3ED-6EAFA8E0F440}"
EndProject
Project("{9A19103F-16F7-4668-BE54-9A1E7A4F7556}") = "AIC.Hardware", "AIC.Hardware\AIC.Hardware.csproj", "{F0D2D6B0-C249-4C38-B0C3-6AC83D29BAE5}"
EndProject
Project("{9A19103F-16F7-4668-BE54-9A1E7A4F7556}") = "AIC.Core", "AIC.Core\AIC.Core.csproj", "{1C206F41-A435-44D7-8794-8754BF3E2FB5}"
EndProject
Project("{9A19103F-16F7-4668-BE54-9A1E7A4F7556}") = "AIC-Test", "AIC-Test\AIC-Test.csproj", "{98DD41F5-7176-47E5-8EBF-E8238D4015B9}"
EndProject
Project("{9A19103F-16F7-4668-BE54-9A1E7A4F7556}") = "AICPlugs", "AICPlugs\AICPlugs.csproj", "{CF8C1246-65AD-45A6-B161-EFA876D11054}"
EndProject
Global
	GlobalSection(SolutionConfigurationPlatforms) = preSolution
		Debug|Any CPU = Debug|Any CPU
		Release|Any CPU = Release|Any CPU
	EndGlobalSection
	GlobalSection(ProjectConfigurationPlatforms) = postSolution
		{CBAE884B-71BB-419A-A3ED-6EAFA8E0F440}.Debug|Any CPU.ActiveCfg = Debug|Any CPU
		{CBAE884B-71BB-419A-A3ED-6EAFA8E0F440}.Debug|Any CPU.Build.0 = Debug|Any CPU
		{CBAE884B-71BB-419A-A3ED-6EAFA8E0F440}.Release|Any CPU.ActiveCfg = Release|Any CPU
		{CBAE884B-71BB-419A-A3ED-6EAFA8E0F440}.Release|Any CPU.Build.0 = Release|Any CPU
		{F0D2D6B0-C249-4C38-B0C3-6AC83D29BAE5}.Debug|Any CPU.ActiveCfg = Debug|Any CPU
		{F0D2D6B0-C249-4C38-B0C3-6AC83D29BAE5}.Debug|Any CPU.Build.0 = Debug|Any CPU
		{F0D2D6B0-C249-4C38-B0C3-6AC83D29BAE5}.Release|Any CPU.ActiveCfg = Release|Any CPU
		{F0D2D6B0-C249-4C38-B0C3-6AC83D29BAE5}.Release|Any CPU.Build.0 = Release|Any CPU
		{1C206F41-A435-44D7-8794-8754BF3E2FB5}.Debug|Any CPU.ActiveCfg = Debug|Any CPU
		{1C206F41-A435-44D7-8794-8754BF3E2FB5}.Debug|Any CPU.Build.0 = Debug|Any CPU
		{1C206F41-A435-44D7-8794-8754BF3E2FB5}.Release|Any CPU.ActiveCfg = Release|Any CPU
		{1C206F41-A435-44D7-8794-8754BF3E2FB5}.Release|Any CPU.Build.0 = Release|Any CPU
		{98DD41F5-7176-47E5-8EBF-E8238D4015B9}.Debug|Any CPU.ActiveCfg = Debug|Any CPU
		{98DD41F5-7176-47E5-8EBF-E8238D4015B9}.Debug|Any CPU.Build.0 = Debug|Any CPU
		{98DD41F5-7176-47E5-8EBF-E8238D4015B9}.Release|Any CPU.ActiveCfg = Release|Any CPU
		{98DD41F5-7176-47E5-8EBF-E8238D4015B9}.Release|Any CPU.Build.0 = Release|Any CPU
		{CF8C1246-65AD-45A6-B161-EFA876D11054}.Debug|Any CPU.ActiveCfg = Debug|Any CPU
		{CF8C1246-65AD-45A6-B161-EFA876D11054}.Debug|Any CPU.Build.0 = Debug|Any CPU
		{CF8C1246-65AD-45A6-B161-EFA876D11054}.Release|Any CPU.ActiveCfg = Release|Any CPU
		{CF8C1246-65AD-45A6-B161-EFA876D11054}.Release|Any CPU.Build.0 = Release|Any CPU
	EndGlobalSection
	GlobalSection(SolutionProperties) = preSolution
		HideSolutionNode = FALSE
	EndGlobalSection
	GlobalSection(ExtensibilityGlobals) = postSolution
		SolutionGuid = {34C6F5A6-262E-483F-BD43-13D92934686C}
	EndGlobalSection
EndGlobal
